// !$*UTF8*$!
{
	archiveVersion = 1;
	classes = {
	};
	objectVersion = 56;
	objects = {

/* Begin PBXBuildFile section */
		000000000000000000000002 /* WidgetHeadline.swift in Sources */ = {isa = PBXBuildFile; fileRef = 000000000000000000000001 /* WidgetHeadline.swift */; };
		000000000000000000000004 /* AppGroup.swift in Sources */ = {isa = PBXBuildFile; fileRef = 000000000000000000000003 /* AppGroup.swift */; };
		000000000000000000000006 /* SharedStore.swift in Sources */ = {isa = PBXBuildFile; fileRef = 000000000000000000000005 /* SharedStore.swift */; };
		000000000000000000000008 /* ZestApp.swift in Sources */ = {isa = PBXBuildFile; fileRef = 000000000000000000000007 /* ZestApp.swift */; };
		00000000000000000000000A /* FeedRanker.swift in Sources */ = {isa = PBXBuildFile; fileRef = 000000000000000000000009 /* FeedRanker.swift */; };
		00000000000000000000000C /* InteractionEvent.swift in Sources */ = {isa = PBXBuildFile; fileRef = 00000000000000000000000B /* InteractionEvent.swift */; };
		00000000000000000000000E /* InterestProfile.swift in Sources */ = {isa = PBXBuildFile; fileRef = 00000000000000000000000D /* InterestProfile.swift */; };
		000000000000000000000010 /* InterestStore.swift in Sources */ = {isa = PBXBuildFile; fileRef = 00000000000000000000000F /* InterestStore.swift */; };
		000000000000000000000012 /* Article.swift in Sources */ = {isa = PBXBuildFile; fileRef = 000000000000000000000011 /* Article.swift */; };
		000000000000000000000014 /* NewsSource.swift in Sources */ = {isa = PBXBuildFile; fileRef = 000000000000000000000013 /* NewsSource.swift */; };
		000000000000000000000016 /* FeedCatalog.swift in Sources */ = {isa = PBXBuildFile; fileRef = 000000000000000000000015 /* FeedCatalog.swift */; };
		000000000000000000000018 /* NewsAPIClient.swift in Sources */ = {isa = PBXBuildFile; fileRef = 000000000000000000000017 /* NewsAPIClient.swift */; };
		00000000000000000000001A /* RSSClient.swift in Sources */ = {isa = PBXBuildFile; fileRef = 000000000000000000000019 /* RSSClient.swift */; };
		00000000000000000000001C /* RSSParser.swift in Sources */ = {isa = PBXBuildFile; fileRef = 00000000000000000000001B /* RSSParser.swift */; };
		00000000000000000000001E /* SourceSettings.swift in Sources */ = {isa = PBXBuildFile; fileRef = 00000000000000000000001D /* SourceSettings.swift */; };
		000000000000000000000020 /* ThemeSettings.swift in Sources */ = {isa = PBXBuildFile; fileRef = 00000000000000000000001F /* ThemeSettings.swift */; };
		000000000000000000000022 /* FeedViewModel.swift in Sources */ = {isa = PBXBuildFile; fileRef = 000000000000000000000021 /* FeedViewModel.swift */; };
		000000000000000000000024 /* OnboardingViewModel.swift in Sources */ = {isa = PBXBuildFile; fileRef = 000000000000000000000023 /* OnboardingViewModel.swift */; };
		000000000000000000000026 /* FeedView.swift in Sources */ = {isa = PBXBuildFile; fileRef = 000000000000000000000025 /* FeedView.swift */; };
		000000000000000000000028 /* InterestsView.swift in Sources */ = {isa = PBXBuildFile; fileRef = 000000000000000000000027 /* InterestsView.swift */; };
		00000000000000000000002A /* OnboardingView.swift in Sources */ = {isa = PBXBuildFile; fileRef = 000000000000000000000029 /* OnboardingView.swift */; };
		00000000000000000000002C /* RootView.swift in Sources */ = {isa = PBXBuildFile; fileRef = 00000000000000000000002B /* RootView.swift */; };
		00000000000000000000002E /* SafariView.swift in Sources */ = {isa = PBXBuildFile; fileRef = 00000000000000000000002D /* SafariView.swift */; };
		000000000000000000000030 /* SettingsView.swift in Sources */ = {isa = PBXBuildFile; fileRef = 00000000000000000000002F /* SettingsView.swift */; };
		000000000000000000000032 /* SourceBadge.swift in Sources */ = {isa = PBXBuildFile; fileRef = 000000000000000000000031 /* SourceBadge.swift */; };
		000000000000000000000034 /* SwipeCardView.swift in Sources */ = {isa = PBXBuildFile; fileRef = 000000000000000000000033 /* SwipeCardView.swift */; };
		000000000000000000000036 /* TopicsView.swift in Sources */ = {isa = PBXBuildFile; fileRef = 000000000000000000000035 /* TopicsView.swift */; };
		000000000000000000000038 /* Assets.xcassets in Resources */ = {isa = PBXBuildFile; fileRef = 000000000000000000000037 /* Assets.xcassets */; };
		00000000000000000000003A /* PrivacyInfo.xcprivacy in Resources */ = {isa = PBXBuildFile; fileRef = 000000000000000000000039 /* PrivacyInfo.xcprivacy */; };
/* End PBXBuildFile section */

/* Begin PBXFileReference section */
		000000000000000000000001 /* WidgetHeadline.swift */ = {isa = PBXFileReference; lastKnownFileType = sourcecode.swift; name = "WidgetHeadline.swift"; path = "Shared/Models/WidgetHeadline.swift"; sourceTree = SOURCE_ROOT; };
		000000000000000000000003 /* AppGroup.swift */ = {isa = PBXFileReference; lastKnownFileType = sourcecode.swift; name = "AppGroup.swift"; path = "Shared/Store/AppGroup.swift"; sourceTree = SOURCE_ROOT; };
		000000000000000000000005 /* SharedStore.swift */ = {isa = PBXFileReference; lastKnownFileType = sourcecode.swift; name = "SharedStore.swift"; path = "Shared/Store/SharedStore.swift"; sourceTree = SOURCE_ROOT; };
		000000000000000000000007 /* ZestApp.swift */ = {isa = PBXFileReference; lastKnownFileType = sourcecode.swift; name = "ZestApp.swift"; path = "Zest/App/ZestApp.swift"; sourceTree = SOURCE_ROOT; };
		000000000000000000000009 /* FeedRanker.swift */ = {isa = PBXFileReference; lastKnownFileType = sourcecode.swift; name = "FeedRanker.swift"; path = "Zest/Engine/FeedRanker.swift"; sourceTree = SOURCE_ROOT; };
		00000000000000000000000B /* InteractionEvent.swift */ = {isa = PBXFileReference; lastKnownFileType = sourcecode.swift; name = "InteractionEvent.swift"; path = "Zest/Engine/InteractionEvent.swift"; sourceTree = SOURCE_ROOT; };
		00000000000000000000000D /* InterestProfile.swift */ = {isa = PBXFileReference; lastKnownFileType = sourcecode.swift; name = "InterestProfile.swift"; path = "Zest/Engine/InterestProfile.swift"; sourceTree = SOURCE_ROOT; };
		00000000000000000000000F /* InterestStore.swift */ = {isa = PBXFileReference; lastKnownFileType = sourcecode.swift; name = "InterestStore.swift"; path = "Zest/Engine/InterestStore.swift"; sourceTree = SOURCE_ROOT; };
		000000000000000000000011 /* Article.swift */ = {isa = PBXFileReference; lastKnownFileType = sourcecode.swift; name = "Article.swift"; path = "Zest/Models/Article.swift"; sourceTree = SOURCE_ROOT; };
		000000000000000000000013 /* NewsSource.swift */ = {isa = PBXFileReference; lastKnownFileType = sourcecode.swift; name = "NewsSource.swift"; path = "Zest/Models/NewsSource.swift"; sourceTree = SOURCE_ROOT; };
		000000000000000000000015 /* FeedCatalog.swift */ = {isa = PBXFileReference; lastKnownFileType = sourcecode.swift; name = "FeedCatalog.swift"; path = "Zest/Services/FeedCatalog.swift"; sourceTree = SOURCE_ROOT; };
		000000000000000000000017 /* NewsAPIClient.swift */ = {isa = PBXFileReference; lastKnownFileType = sourcecode.swift; name = "NewsAPIClient.swift"; path = "Zest/Services/NewsAPIClient.swift"; sourceTree = SOURCE_ROOT; };
		000000000000000000000019 /* RSSClient.swift */ = {isa = PBXFileReference; lastKnownFileType = sourcecode.swift; name = "RSSClient.swift"; path = "Zest/Services/RSSClient.swift"; sourceTree = SOURCE_ROOT; };
		00000000000000000000001B /* RSSParser.swift */ = {isa = PBXFileReference; lastKnownFileType = sourcecode.swift; name = "RSSParser.swift"; path = "Zest/Services/RSSParser.swift"; sourceTree = SOURCE_ROOT; };
		00000000000000000000001D /* SourceSettings.swift */ = {isa = PBXFileReference; lastKnownFileType = sourcecode.swift; name = "SourceSettings.swift"; path = "Zest/Services/SourceSettings.swift"; sourceTree = SOURCE_ROOT; };
		00000000000000000000001F /* ThemeSettings.swift */ = {isa = PBXFileReference; lastKnownFileType = sourcecode.swift; name = "ThemeSettings.swift"; path = "Zest/Services/ThemeSettings.swift"; sourceTree = SOURCE_ROOT; };
		000000000000000000000021 /* FeedViewModel.swift */ = {isa = PBXFileReference; lastKnownFileType = sourcecode.swift; name = "FeedViewModel.swift"; path = "Zest/ViewModels/FeedViewModel.swift"; sourceTree = SOURCE_ROOT; };
		000000000000000000000023 /* OnboardingViewModel.swift */ = {isa = PBXFileReference; lastKnownFileType = sourcecode.swift; name = "OnboardingViewModel.swift"; path = "Zest/ViewModels/OnboardingViewModel.swift"; sourceTree = SOURCE_ROOT; };
		000000000000000000000025 /* FeedView.swift */ = {isa = PBXFileReference; lastKnownFileType = sourcecode.swift; name = "FeedView.swift"; path = "Zest/Views/FeedView.swift"; sourceTree = SOURCE_ROOT; };
		000000000000000000000027 /* InterestsView.swift */ = {isa = PBXFileReference; lastKnownFileType = sourcecode.swift; name = "InterestsView.swift"; path = "Zest/Views/InterestsView.swift"; sourceTree = SOURCE_ROOT; };
		000000000000000000000029 /* OnboardingView.swift */ = {isa = PBXFileReference; lastKnownFileType = sourcecode.swift; name = "OnboardingView.swift"; path = "Zest/Views/OnboardingView.swift"; sourceTree = SOURCE_ROOT; };
		00000000000000000000002B /* RootView.swift */ = {isa = PBXFileReference; lastKnownFileType = sourcecode.swift; name = "RootView.swift"; path = "Zest/Views/RootView.swift"; sourceTree = SOURCE_ROOT; };
		00000000000000000000002D /* SafariView.swift */ = {isa = PBXFileReference; lastKnownFileType = sourcecode.swift; name = "SafariView.swift"; path = "Zest/Views/SafariView.swift"; sourceTree = SOURCE_ROOT; };
		00000000000000000000002F /* SettingsView.swift */ = {isa = PBXFileReference; lastKnownFileType = sourcecode.swift; name = "SettingsView.swift"; path = "Zest/Views/SettingsView.swift"; sourceTree = SOURCE_ROOT; };
		000000000000000000000031 /* SourceBadge.swift */ = {isa = PBXFileReference; lastKnownFileType = sourcecode.swift; name = "SourceBadge.swift"; path = "Zest/Views/SourceBadge.swift"; sourceTree = SOURCE_ROOT; };
		000000000000000000000033 /* SwipeCardView.swift */ = {isa = PBXFileReference; lastKnownFileType = sourcecode.swift; name = "SwipeCardView.swift"; path = "Zest/Views/SwipeCardView.swift"; sourceTree = SOURCE_ROOT; };
		000000000000000000000035 /* TopicsView.swift */ = {isa = PBXFileReference; lastKnownFileType = sourcecode.swift; name = "TopicsView.swift"; path = "Zest/Views/TopicsView.swift"; sourceTree = SOURCE_ROOT; };
		000000000000000000000037 /* Assets.xcassets */ = {isa = PBXFileReference; lastKnownFileType = folder.assetcatalog; name = "Assets.xcassets"; path = "Zest/Assets.xcassets"; sourceTree = SOURCE_ROOT; };
		000000000000000000000039 /* PrivacyInfo.xcprivacy */ = {isa = PBXFileReference; lastKnownFileType = text.plist.xml; name = "PrivacyInfo.xcprivacy"; path = "Zest/App/PrivacyInfo.xcprivacy"; sourceTree = SOURCE_ROOT; };
		00000000000000000000003B /* Info.plist */ = {isa = PBXFileReference; lastKnownFileType = text.plist.xml; name = "Info.plist"; path = "Zest/App/Info.plist"; sourceTree = SOURCE_ROOT; };
		00000000000000000000003C /* Zest.app */ = {isa = PBXFileReference; explicitFileType = wrapper.application; includeInIndex = 0; path = Zest.app; sourceTree = BUILT_PRODUCTS_DIR; };
/* End PBXFileReference section */

/* Begin PBXFrameworksBuildPhase section */
		000000000000000000000041 /* Frameworks */ = {isa = PBXFrameworksBuildPhase; buildActionMask = 2147483647; files = (); runOnlyForDeploymentPostprocessing = 0; };
/* End PBXFrameworksBuildPhase section */

/* Begin PBXGroup section */
		00000000000000000000003D = {isa = PBXGroup; children = (
			00000000000000000000003E /* Zest */,
			00000000000000000000003F /* Products */,
		); sourceTree = "<group>"; };
		00000000000000000000003E /* Zest */ = {isa = PBXGroup; children = (
			000000000000000000000001 /* WidgetHeadline.swift */,
			000000000000000000000003 /* AppGroup.swift */,
			000000000000000000000005 /* SharedStore.swift */,
			000000000000000000000007 /* ZestApp.swift */,
			000000000000000000000009 /* FeedRanker.swift */,
			00000000000000000000000B /* InteractionEvent.swift */,
			00000000000000000000000D /* InterestProfile.swift */,
			00000000000000000000000F /* InterestStore.swift */,
			000000000000000000000011 /* Article.swift */,
			000000000000000000000013 /* NewsSource.swift */,
			000000000000000000000015 /* FeedCatalog.swift */,
			000000000000000000000017 /* NewsAPIClient.swift */,
			000000000000000000000019 /* RSSClient.swift */,
			00000000000000000000001B /* RSSParser.swift */,
			00000000000000000000001D /* SourceSettings.swift */,
			00000000000000000000001F /* ThemeSettings.swift */,
			000000000000000000000021 /* FeedViewModel.swift */,
			000000000000000000000023 /* OnboardingViewModel.swift */,
			000000000000000000000025 /* FeedView.swift */,
			000000000000000000000027 /* InterestsView.swift */,
			000000000000000000000029 /* OnboardingView.swift */,
			00000000000000000000002B /* RootView.swift */,
			00000000000000000000002D /* SafariView.swift */,
			00000000000000000000002F /* SettingsView.swift */,
			000000000000000000000031 /* SourceBadge.swift */,
			000000000000000000000033 /* SwipeCardView.swift */,
			000000000000000000000035 /* TopicsView.swift */,
			000000000000000000000037 /* Assets.xcassets */,
			000000000000000000000039 /* PrivacyInfo.xcprivacy */,
			00000000000000000000003B /* Info.plist */,
		); name = Zest; sourceTree = "<group>"; };
		00000000000000000000003F /* Products */ = {isa = PBXGroup; children = (
			00000000000000000000003C /* Zest.app */,
		); name = Products; sourceTree = "<group>"; };
/* End PBXGroup section */

/* Begin PBXNativeTarget section */
		000000000000000000000043 /* Zest */ = {isa = PBXNativeTarget; buildConfigurationList = 000000000000000000000046 /* Build configuration list for PBXNativeTarget "Zest" */; buildPhases = (
			000000000000000000000040 /* Sources */,
			000000000000000000000041 /* Frameworks */,
			000000000000000000000042 /* Resources */,
		); buildRules = (); dependencies = (); name = Zest; productName = Zest; productReference = 00000000000000000000003C /* Zest.app */; productType = "com.apple.product-type.application"; };
/* End PBXNativeTarget section */

/* Begin PBXProject section */
		000000000000000000000044 /* Project object */ = {isa = PBXProject; attributes = {BuildIndependentTargetsInParallel = 1; LastSwiftUpdateCheck = 1520; LastUpgradeCheck = 1520; TargetAttributes = {000000000000000000000043 = {CreatedOnToolsVersion = 15.2;};};}; buildConfigurationList = 000000000000000000000045 /* Build configuration list for PBXProject "Zest" */; compatibilityVersion = "Xcode 14.0"; developmentRegion = en; hasScannedForEncodings = 0; knownRegions = (en, Base); mainGroup = 00000000000000000000003D; productRefGroup = 00000000000000000000003F /* Products */; projectDirPath = ""; projectRoot = ""; targets = (000000000000000000000043 /* Zest */); };
/* End PBXProject section */

/* Begin PBXResourcesBuildPhase section */
		000000000000000000000042 /* Resources */ = {isa = PBXResourcesBuildPhase; buildActionMask = 2147483647; files = (
			000000000000000000000038 /* Assets.xcassets in Resources */,
			00000000000000000000003A /* PrivacyInfo.xcprivacy in Resources */,
		); runOnlyForDeploymentPostprocessing = 0; };
/* End PBXResourcesBuildPhase section */

/* Begin PBXSourcesBuildPhase section */
		000000000000000000000040 /* Sources */ = {isa = PBXSourcesBuildPhase; buildActionMask = 2147483647; files = (
			000000000000000000000002 /* WidgetHeadline.swift in Sources */,
			000000000000000000000004 /* AppGroup.swift in Sources */,
			000000000000000000000006 /* SharedStore.swift in Sources */,
			000000000000000000000008 /* ZestApp.swift in Sources */,
			00000000000000000000000A /* FeedRanker.swift in Sources */,
			00000000000000000000000C /* InteractionEvent.swift in Sources */,
			00000000000000000000000E /* InterestProfile.swift in Sources */,
			000000000000000000000010 /* InterestStore.swift in Sources */,
			000000000000000000000012 /* Article.swift in Sources */,
			000000000000000000000014 /* NewsSource.swift in Sources */,
			000000000000000000000016 /* FeedCatalog.swift in Sources */,
			000000000000000000000018 /* NewsAPIClient.swift in Sources */,
			00000000000000000000001A /* RSSClient.swift in Sources */,
			00000000000000000000001C /* RSSParser.swift in Sources */,
			00000000000000000000001E /* SourceSettings.swift in Sources */,
			000000000000000000000020 /* ThemeSettings.swift in Sources */,
			000000000000000000000022 /* FeedViewModel.swift in Sources */,
			000000000000000000000024 /* OnboardingViewModel.swift in Sources */,
			000000000000000000000026 /* FeedView.swift in Sources */,
			000000000000000000000028 /* InterestsView.swift in Sources */,
			00000000000000000000002A /* OnboardingView.swift in Sources */,
			00000000000000000000002C /* RootView.swift in Sources */,
			00000000000000000000002E /* SafariView.swift in Sources */,
			000000000000000000000030 /* SettingsView.swift in Sources */,
			000000000000000000000032 /* SourceBadge.swift in Sources */,
			000000000000000000000034 /* SwipeCardView.swift in Sources */,
			000000000000000000000036 /* TopicsView.swift in Sources */,
		); runOnlyForDeploymentPostprocessing = 0; };
/* End PBXSourcesBuildPhase section */

/* Begin XCBuildConfiguration section */
		000000000000000000000047 /* Debug */ = {isa = XCBuildConfiguration; buildSettings = {
				ALWAYS_SEARCH_USER_PATHS = NO;
				ASSETCATALOG_COMPILER_GENERATE_SWIFT_ASSET_SYMBOL_EXTENSIONS = YES;
				CLANG_ANALYZER_NONNULL = YES;
				CLANG_ANALYZER_NUMBER_OBJECT_CONVERSION = YES_AGGRESSIVE;
				CLANG_ENABLE_MODULES = YES;
				CLANG_ENABLE_OBJC_ARC = YES;
				CLANG_ENABLE_OBJC_WEAK = YES;
				CLANG_WARN_BLOCK_CAPTURE_AUTORELEASING = YES;
				CLANG_WARN_BOOL_CONVERSION = YES;
				CLANG_WARN_COMMA = YES;
				CLANG_WARN_CONSTANT_CONVERSION = YES;
				CLANG_WARN_DEPRECATED_OBJC_IMPLEMENTATIONS = YES;
				CLANG_WARN_DIRECT_OBJC_ISA_USAGE = YES_ERROR;
				CLANG_WARN_DOCUMENTATION_COMMENTS = YES;
				CLANG_WARN_EMPTY_BODY = YES;
				CLANG_WARN_ENUM_CONVERSION = YES;
				CLANG_WARN_INFINITE_RECURSION = YES;
				CLANG_WARN_INT_CONVERSION = YES;
				CLANG_WARN_NON_LITERAL_NULL_CONVERSION = YES;
				CLANG_WARN_OBJC_IMPLICIT_RETAIN_SELF = YES;
				CLANG_WARN_OBJC_LITERAL_CONVERSION = YES;
				CLANG_WARN_OBJC_ROOT_CLASS = YES_ERROR;
				CLANG_WARN_QUOTED_INCLUDE_IN_FRAMEWORK_HEADER = YES;
				CLANG_WARN_RANGE_LOOP_ANALYSIS = YES;
				CLANG_WARN_STRICT_PROTOTYPES = YES;
				CLANG_WARN_SUSPICIOUS_MOVE = YES;
				CLANG_WARN_UNGUARDED_AVAILABILITY = YES_AGGRESSIVE;
				CLANG_WARN_UNREACHABLE_CODE = YES;
				CLANG_WARN__DUPLICATE_METHOD_MATCH = YES;
				COPY_PHASE_STRIP = NO;
				ENABLE_STRICT_OBJC_MSGSEND = YES;
				ENABLE_USER_SCRIPT_SANDBOXING = YES;
				GCC_C_LANGUAGE_STANDARD = gnu17;
				GCC_NO_COMMON_BLOCKS = YES;
				GCC_WARN_64_TO_32_BIT_CONVERSION = YES;
				GCC_WARN_ABOUT_RETURN_TYPE = YES_ERROR;
				GCC_WARN_UNDECLARED_SELECTOR = YES;
				GCC_WARN_UNINITIALIZED_AUTOS = YES_AGGRESSIVE;
				GCC_WARN_UNUSED_FUNCTION = YES;
				GCC_WARN_UNUSED_VARIABLE = YES;
				IPHONEOS_DEPLOYMENT_TARGET = 17.0;
				LOCALIZATION_PREFERS_STRING_CATALOGS = YES;
				MTL_FAST_MATH = YES;
				SDKROOT = iphoneos;
				DEBUG_INFORMATION_FORMAT = dwarf;
				ENABLE_TESTABILITY = YES;
				GCC_DYNAMIC_NO_PIC = NO;
				GCC_OPTIMIZATION_LEVEL = 0;
				GCC_PREPROCESSOR_DEFINITIONS = ("DEBUG=1", "$(inherited)");
				MTL_ENABLE_DEBUG_INFO = INCLUDE_SOURCE;
				ONLY_ACTIVE_ARCH = YES;
				SWIFT_ACTIVE_COMPILATION_CONDITIONS = "DEBUG $(inherited)";
				SWIFT_OPTIMIZATION_LEVEL = "-Onone";
			}; name = Debug; };
		000000000000000000000048 /* Release */ = {isa = XCBuildConfiguration; buildSettings = {
				ALWAYS_SEARCH_USER_PATHS = NO;
				ASSETCATALOG_COMPILER_GENERATE_SWIFT_ASSET_SYMBOL_EXTENSIONS = YES;
				CLANG_ANALYZER_NONNULL = YES;
				CLANG_ANALYZER_NUMBER_OBJECT_CONVERSION = YES_AGGRESSIVE;
				CLANG_ENABLE_MODULES = YES;
				CLANG_ENABLE_OBJC_ARC = YES;
				CLANG_ENABLE_OBJC_WEAK = YES;
				CLANG_WARN_BLOCK_CAPTURE_AUTORELEASING = YES;
				CLANG_WARN_BOOL_CONVERSION = YES;
				CLANG_WARN_COMMA = YES;
				CLANG_WARN_CONSTANT_CONVERSION = YES;
				CLANG_WARN_DEPRECATED_OBJC_IMPLEMENTATIONS = YES;
				CLANG_WARN_DIRECT_OBJC_ISA_USAGE = YES_ERROR;
				CLANG_WARN_DOCUMENTATION_COMMENTS = YES;
				CLANG_WARN_EMPTY_BODY = YES;
				CLANG_WARN_ENUM_CONVERSION = YES;
				CLANG_WARN_INFINITE_RECURSION = YES;
				CLANG_WARN_INT_CONVERSION = YES;
				CLANG_WARN_NON_LITERAL_NULL_CONVERSION = YES;
				CLANG_WARN_OBJC_IMPLICIT_RETAIN_SELF = YES;
				CLANG_WARN_OBJC_LITERAL_CONVERSION = YES;
				CLANG_WARN_OBJC_ROOT_CLASS = YES_ERROR;
				CLANG_WARN_QUOTED_INCLUDE_IN_FRAMEWORK_HEADER = YES;
				CLANG_WARN_RANGE_LOOP_ANALYSIS = YES;
				CLANG_WARN_STRICT_PROTOTYPES = YES;
				CLANG_WARN_SUSPICIOUS_MOVE = YES;
				CLANG_WARN_UNGUARDED_AVAILABILITY = YES_AGGRESSIVE;
				CLANG_WARN_UNREACHABLE_CODE = YES;
				CLANG_WARN__DUPLICATE_METHOD_MATCH = YES;
				COPY_PHASE_STRIP = NO;
				ENABLE_STRICT_OBJC_MSGSEND = YES;
				ENABLE_USER_SCRIPT_SANDBOXING = YES;
				GCC_C_LANGUAGE_STANDARD = gnu17;
				GCC_NO_COMMON_BLOCKS = YES;
				GCC_WARN_64_TO_32_BIT_CONVERSION = YES;
				GCC_WARN_ABOUT_RETURN_TYPE = YES_ERROR;
				GCC_WARN_UNDECLARED_SELECTOR = YES;
				GCC_WARN_UNINITIALIZED_AUTOS = YES_AGGRESSIVE;
				GCC_WARN_UNUSED_FUNCTION = YES;
				GCC_WARN_UNUSED_VARIABLE = YES;
				IPHONEOS_DEPLOYMENT_TARGET = 17.0;
				LOCALIZATION_PREFERS_STRING_CATALOGS = YES;
				MTL_FAST_MATH = YES;
				SDKROOT = iphoneos;
				DEBUG_INFORMATION_FORMAT = "dwarf-with-dsym";
				ENABLE_NS_ASSERTIONS = NO;
				MTL_ENABLE_DEBUG_INFO = NO;
				SWIFT_COMPILATION_MODE = wholemodule;
				VALIDATE_PRODUCT = YES;
			}; name = Release; };
		000000000000000000000049 /* Debug */ = {isa = XCBuildConfiguration; buildSettings = {
				ASSETCATALOG_COMPILER_APPICON_NAME = AppIcon;
				ASSETCATALOG_COMPILER_GLOBAL_ACCENT_COLOR_NAME = AccentColor;
				CODE_SIGN_ENTITLEMENTS = "Zest/App/Zest.entitlements";
				CODE_SIGN_STYLE = Automatic;
				CURRENT_PROJECT_VERSION = 4;
				DEVELOPMENT_TEAM = "";
				ENABLE_PREVIEWS = YES;
				GENERATE_INFOPLIST_FILE = NO;
				INFOPLIST_FILE = "Zest/App/Info.plist";
				LD_RUNPATH_SEARCH_PATHS = ("$(inherited)", "@executable_path/Frameworks");
				MARKETING_VERSION = 1.0;
				PRODUCT_BUNDLE_IDENTIFIER = com.hjatte.zest;
				PRODUCT_NAME = "$(TARGET_NAME)";
				SWIFT_EMIT_LOC_STRINGS = YES;
				SWIFT_VERSION = 5.0;
				TARGETED_DEVICE_FAMILY = "1,2";
			}; name = Debug; };
		00000000000000000000004A /* Release */ = {isa = XCBuildConfiguration; buildSettings = {
				ASSETCATALOG_COMPILER_APPICON_NAME = AppIcon;
				ASSETCATALOG_COMPILER_GLOBAL_ACCENT_COLOR_NAME = AccentColor;
				CODE_SIGN_ENTITLEMENTS = "Zest/App/Zest.entitlements";
				CODE_SIGN_STYLE = Automatic;
				CURRENT_PROJECT_VERSION = 4;
				DEVELOPMENT_TEAM = "";
				ENABLE_PREVIEWS = YES;
				GENERATE_INFOPLIST_FILE = NO;
				INFOPLIST_FILE = "Zest/App/Info.plist";
				LD_RUNPATH_SEARCH_PATHS = ("$(inherited)", "@executable_path/Frameworks");
				MARKETING_VERSION = 1.0;
				PRODUCT_BUNDLE_IDENTIFIER = com.hjatte.zest;
				PRODUCT_NAME = "$(TARGET_NAME)";
				SWIFT_EMIT_LOC_STRINGS = YES;
				SWIFT_VERSION = 5.0;
				TARGETED_DEVICE_FAMILY = "1,2";
			}; name = Release; };
/* End XCBuildConfiguration section */

/* Begin XCConfigurationList section */
		000000000000000000000045 /* Build configuration list for PBXProject "Zest" */ = {isa = XCConfigurationList; buildConfigurations = (
			000000000000000000000047 /* Debug */,
			000000000000000000000048 /* Release */,
		); defaultConfigurationIsVisible = 0; defaultConfigurationName = Release; };
		000000000000000000000046 /* Build configuration list for PBXNativeTarget "Zest" */ = {isa = XCConfigurationList; buildConfigurations = (
			000000000000000000000049 /* Debug */,
			00000000000000000000004A /* Release */,
		); defaultConfigurationIsVisible = 0; defaultConfigurationName = Release; };
/* End XCConfigurationList section */
	};
	rootObject = 000000000000000000000044 /* Project object */;
}
